<?xml version="1.0" encoding="utf-8"?>
<Project ToolsVersion="4.0" xmlns="http://schemas.microsoft.com/developer/msbuild/2003">
  <ItemGroup>
    <Filter Include="소스 파일">
      <UniqueIdentifier>{4FC737F1-C7A5-4376-A066-2A32D752A2FF}</UniqueIdentifier>
      <Extensions>cpp;c;cc;cxx;c++;cppm;ixx;def;odl;idl;hpj;bat;asm;asmx</Extensions>
    </Filter>
    <Filter Include="헤더 파일">
      <UniqueIdentifier>{93995380-89BD-4b04-88EB-625FBE52EBFB}</UniqueIdentifier>
      <Extensions>h;hh;hpp;hxx;h++;hm;inl;inc;ipp;xsd</Extensions>
    </Filter>
    <Filter Include="리소스 파일">
      <UniqueIdentifier>{67DA6AB6-F800-4c08-8B7A-83BB121AAD01}</UniqueIdentifier>
      <Extensions>rc;ico;cur;bmp;dlg;rc2;rct;bin;rgs;gif;jpg;jpeg;jpe;resx;tiff;tif;png;wav;mfcribbon-ms</Extensions>
    </Filter>
  </ItemGroup>
  <ItemGroup>
    <ClCompile Include="27866.c">
      <Filter>소스 파일</Filter>
    </ClCompile>
    <ClCompile Include="10807.c">
      <Filter>소스 파일</Filter>
    </ClCompile>
    <ClCompile Include="2743.c">
      <Filter>소스 파일</Filter>
    </ClCompile>
    <ClCompile Include="9086.c">
      <Filter>소스 파일</Filter>
    </ClCompile>
    <ClCompile Include="11654.c">
      <Filter>소스 파일</Filter>
    </ClCompile>
    <ClCompile Include="10809.c">
      <Filter>소스 파일</Filter>
    </ClCompile>
    <ClCompile Include="2675.c">
      <Filter>소스 파일</Filter>
    </ClCompile>
    <ClCompile Include="1152.c">
      <Filter>소스 파일</Filter>
    </ClCompile>
    <ClCompile Include="25083.c">
      <Filter>소스 파일</Filter>
    </ClCompile>
    <ClCompile Include="3003.c">
      <Filter>소스 파일</Filter>
    </ClCompile>
    <ClCompile Include="2444.c">
      <Filter>소스 파일</Filter>
    </ClCompile>
    <ClCompile Include="10988.c">
      <Filter>소스 파일</Filter>
    </ClCompile>
    <ClCompile Include="1157.c">
      <Filter>소스 파일</Filter>
    </ClCompile>
    <ClCompile Include="2941.c">
      <Filter>소스 파일</Filter>
    </ClCompile>
    <ClCompile Include="1316.c">
      <Filter>소스 파일</Filter>
    </ClCompile>
    <ClCompile Include="10250.c">
      <Filter>소스 파일</Filter>
    </ClCompile>
    <ClCompile Include="2577.c">
      <Filter>소스 파일</Filter>
    </ClCompile>
    <ClCompile Include="2920.c">
      <Filter>소스 파일</Filter>
    </ClCompile>
    <ClCompile Include="8958.c">
      <Filter>소스 파일</Filter>
    </ClCompile>
    <ClCompile Include="4153.c">
      <Filter>소스 파일</Filter>
    </ClCompile>
    <ClCompile Include="1978.c">
      <Filter>소스 파일</Filter>
    </ClCompile>
    <ClCompile Include="structexmple_mul.c">
      <Filter>소스 파일</Filter>
    </ClCompile>
    <ClCompile Include="2231.c">
      <Filter>소스 파일</Filter>
    </ClCompile>
    <ClCompile Include="2292.c">
      <Filter>소스 파일</Filter>
    </ClCompile>
    <ClCompile Include="2798.c">
      <Filter>소스 파일</Filter>
    </ClCompile>
    <ClCompile Include="15829.c">
      <Filter>소스 파일</Filter>
    </ClCompile>
    <ClCompile Include="1259.c">
      <Filter>소스 파일</Filter>
    </ClCompile>
    <ClCompile Include="2609.c">
      <Filter>소스 파일</Filter>
    </ClCompile>
    <ClCompile Include="jg_struct.c">
      <Filter>소스 파일</Filter>
    </ClCompile>
    <ClCompile Include="exp.c">
      <Filter>소스 파일</Filter>
    </ClCompile>
    <ClCompile Include="freestudy.c">
      <Filter>소스 파일</Filter>
    </ClCompile>
    <ClCompile Include="1654.c">
      <Filter>소스 파일</Filter>
    </ClCompile>
    <ClCompile Include="2839.c">
      <Filter>소스 파일</Filter>
    </ClCompile>
    <ClCompile Include="1018.c">
      <Filter>소스 파일</Filter>
    </ClCompile>
    <ClCompile Include="11650.c">
      <Filter>소스 파일</Filter>
    </ClCompile>
    <ClCompile Include="1874.c">
      <Filter>소스 파일</Filter>
    </ClCompile>
    <ClCompile Include="2775.c">
      <Filter>소스 파일</Filter>
    </ClCompile>
    <ClCompile Include="10989.c">
      <Filter>소스 파일</Filter>
    </ClCompile>
    <ClCompile Include="2869.c">
      <Filter>소스 파일</Filter>
    </ClCompile>
    <ClCompile Include="11050.c">
      <Filter>소스 파일</Filter>
    </ClCompile>
    <ClCompile Include="7568.c">
      <Filter>소스 파일</Filter>
    </ClCompile>
    <ClCompile Include="1436.c">
      <Filter>소스 파일</Filter>
    </ClCompile>
    <ClCompile Include="19532.c">
      <Filter>소스 파일</Filter>
    </ClCompile>
    <ClCompile Include="1181.c">
      <Filter>소스 파일</Filter>
    </ClCompile>
    <ClCompile Include="2751.c">
      <Filter>소스 파일</Filter>
    </ClCompile>
    <ClCompile Include="10828.c">
      <Filter>소스 파일</Filter>
    </ClCompile>
    <ClCompile Include="11866.c">
      <Filter>소스 파일</Filter>
    </ClCompile>
    <ClCompile Include="9012.c">
      <Filter>소스 파일</Filter>
    </ClCompile>
    <ClCompile Include="asd.c">
      <Filter>소스 파일</Filter>
    </ClCompile>
  </ItemGroup>
</Project>