
Microsoft Visual Studio Solution File, Format Version 12.00
# Visual Studio Version 17
VisualStudioVersion = 17.8.34511.84
MinimumVisualStudioVersion = 10.0.40219.1
Project("{8BC9CEB8-8B4A-11D0-8D11-00A0C91BC942}") = "baekjoon", "baekjoon.vcxproj", "{DE4096C8-5A29-4A14-A6E3-BC11AAED07AA}"
EndProject
Global
	GlobalSection(SolutionConfigurationPlatforms) = preSolution
		Debug|x64 = Debug|x64
		Debug|x86 = Debug|x86
		Release|x64 = Release|x64
		Release|x86 = Release|x86
	EndGlobalSection
	GlobalSection(ProjectConfigurationPlatforms) = postSolution
		{DE4096C8-5A29-4A14-A6E3-BC11AAED07AA}.Debug|x64.ActiveCfg = Debug|x64
		{DE4096C8-5A29-4A14-A6E3-BC11AAED07AA}.Debug|x64.Build.0 = Debug|x64
		{DE4096C8-5A29-4A14-A6E3-BC11AAED07AA}.Debug|x86.ActiveCfg = Debug|Win32
		{DE4096C8-5A29-4A14-A6E3-BC11AAED07AA}.Debug|x86.Build.0 = Debug|Win32
		{DE4096C8-5A29-4A14-A6E3-BC11AAED07AA}.Release|x64.ActiveCfg = Release|x64
		{DE4096C8-5A29-4A14-A6E3-BC11AAED07AA}.Release|x64.Build.0 = Release|x64
		{DE4096C8-5A29-4A14-A6E3-BC11AAED07AA}.Release|x86.ActiveCfg = Release|Win32
		{DE4096C8-5A29-4A14-A6E3-BC11AAED07AA}.Release|x86.Build.0 = Release|Win32
	EndGlobalSection
	GlobalSection(SolutionProperties) = preSolution
		HideSolutionNode = FALSE
	EndGlobalSection
	GlobalSection(ExtensibilityGlobals) = postSolution
		SolutionGuid = {BEFAD14B-C5A5-4CDA-89EA-0B1F8C10FE21}
	EndGlobalSection
EndGlobal
